
Microsoft Visual Studio Solution File, Format Version 12.00
# Visual Studio Version 16
VisualStudioVersion = 16.0.30225.117
MinimumVisualStudioVersion = 10.0.40219.1
Project("{FAE04EC0-301F-11D3-BF4B-00C04F79EFBC}") = "TwitchFarmingChannelPoints", "TwitchFarmingChannelPoints\TwitchFarmingChannelPoints.csproj", "{02CF924A-4C71-48ED-89AA-8099D45FD609}"
EndProject
Global
	GlobalSection(SolutionConfigurationPlatforms) = preSolution
		Debug|Any CPU = Debug|Any CPU
		Release|Any CPU = Release|Any CPU
	EndGlobalSection
	GlobalSection(ProjectConfigurationPlatforms) = postSolution
		{02CF924A-4C71-48ED-89AA-8099D45FD609}.Debug|Any CPU.ActiveCfg = Debug|Any CPU
		{02CF924A-4C71-48ED-89AA-8099D45FD609}.Debug|Any CPU.Build.0 = Debug|Any CPU
		{02CF924A-4C71-48ED-89AA-8099D45FD609}.Release|Any CPU.ActiveCfg = Release|Any CPU
		{02CF924A-4C71-48ED-89AA-8099D45FD609}.Release|Any CPU.Build.0 = Release|Any CPU
	EndGlobalSection
	GlobalSection(SolutionProperties) = preSolution
		HideSolutionNode = FALSE
	EndGlobalSection
	GlobalSection(ExtensibilityGlobals) = postSolution
		SolutionGuid = {8A05E887-D6BA-49AF-BA7E-BAFEC9DB3AA5}
	EndGlobalSection
EndGlobal
